// !$*UTF8*$!
{
	archiveVersion = 1;
	classes = {
	};
	objectVersion = 46;
	objects = {

/* Begin PBXBuildFile section */
		073DBD0A1BCA2C9C00C404E5 /* main.m in Sources */ = {isa = PBXBuildFile; fileRef = 073DBD091BCA2C9C00C404E5 /* main.m */; };
		073DBD0D1BCA2C9C00C404E5 /* AppDelegate.m in Sources */ = {isa = PBXBuildFile; fileRef = 073DBD0C1BCA2C9C00C404E5 /* AppDelegate.m */; };
		073DBD101BCA2C9C00C404E5 /* ViewController.m in Sources */ = {isa = PBXBuildFile; fileRef = 073DBD0F1BCA2C9C00C404E5 /* ViewController.m */; };
		073DBD131BCA2C9C00C404E5 /* Main.storyboard in Resources */ = {isa = PBXBuildFile; fileRef = 073DBD111BCA2C9C00C404E5 /* Main.storyboard */; };
		073DBD151BCA2C9C00C404E5 /* Assets.xcassets in Resources */ = {isa = PBXBuildFile; fileRef = 073DBD141BCA2C9C00C404E5 /* Assets.xcassets */; };
		073DBD181BCA2C9C00C404E5 /* LaunchScreen.storyboard in Resources */ = {isa = PBXBuildFile; fileRef = 073DBD161BCA2C9C00C404E5 /* LaunchScreen.storyboard */; };
		073DBD221BCA2D5300C404E5 /* PlaceholderTextView.m in Sources */ = {isa = PBXBuildFile; fileRef = 073DBD211BCA2D5300C404E5 /* PlaceholderTextView.m */; settings = {ASSET_TAGS = (); }; };
/* End PBXBuildFile section */

/* Begin PBXFileReference section */
		073DBD051BCA2C9C00C404E5 /* PlaceholderTextView.app */ = {isa = PBXFileReference; explicitFileType = wrapper.application; includeInIndex = 0; path = PlaceholderTextView.app; sourceTree = BUILT_PRODUCTS_DIR; };
		073DBD091BCA2C9C00C404E5 /* main.m */ = {isa = PBXFileReference; lastKnownFileType = sourcecode.c.objc; path = main.m; sourceTree = "<group>"; };
		073DBD0B1BCA2C9C00C404E5 /* AppDelegate.h */ = {isa = PBXFileReference; lastKnownFileType = sourcecode.c.h; path = AppDelegate.h; sourceTree = "<group>"; };
		073DBD0C1BCA2C9C00C404E5 /* AppDelegate.m */ = {isa = PBXFileReference; lastKnownFileType = sourcecode.c.objc; path = AppDelegate.m; sourceTree = "<group>"; };
		073DBD0E1BCA2C9C00C404E5 /* ViewController.h */ = {isa = PBXFileReference; lastKnownFileType = sourcecode.c.h; path = ViewController.h; sourceTree = "<group>"; };
		073DBD0F1BCA2C9C00C404E5 /* ViewController.m */ = {isa = PBXFileReference; lastKnownFileType = sourcecode.c.objc; path = ViewController.m; sourceTree = "<group>"; };
		073DBD121BCA2C9C00C404E5 /* Base */ = {isa = PBXFileReference; lastKnownFileType = file.storyboard; name = Base; path = Base.lproj/Main.storyboard; sourceTree = "<group>"; };
		073DBD141BCA2C9C00C404E5 /* Assets.xcassets */ = {isa = PBXFileReference; lastKnownFileType = folder.assetcatalog; path = Assets.xcassets; sourceTree = "<group>"; };
		073DBD171BCA2C9C00C404E5 /* Base */ = {isa = PBXFileReference; lastKnownFileType = file.storyboard; name = Base; path = Base.lproj/LaunchScreen.storyboard; sourceTree = "<group>"; };
		073DBD191BCA2C9C00C404E5 /* Info.plist */ = {isa = PBXFileReference; lastKnownFileType = text.plist.xml; path = Info.plist; sourceTree = "<group>"; };
		073DBD201BCA2D5300C404E5 /* PlaceholderTextView.h */ = {isa = PBXFileReference; fileEncoding = 4; lastKnownFileType = sourcecode.c.h; path = PlaceholderTextView.h; sourceTree = "<group>"; };
		073DBD211BCA2D5300C404E5 /* PlaceholderTextView.m */ = {isa = PBXFileReference; fileEncoding = 4; lastKnownFileType = sourcecode.c.objc; path = PlaceholderTextView.m; sourceTree = "<group>"; };
/* End PBXFileReference section */

/* Begin PBXFrameworksBuildPhase section */
		073DBD021BCA2C9C00C404E5 /* Frameworks */ = {
			isa = PBXFrameworksBuildPhase;
			buildActionMask = 2147483647;
			files = (
			);
			runOnlyForDeploymentPostprocessing = 0;
		};
/* End PBXFrameworksBuildPhase section */

/* Begin PBXGroup section */
		073DBCFC1BCA2C9C00C404E5 = {
			isa = PBXGroup;
			children = (
				073DBD071BCA2C9C00C404E5 /* PlaceholderTextView */,
				073DBD061BCA2C9C00C404E5 /* Products */,
			);
			sourceTree = "<group>";
		};
		073DBD061BCA2C9C00C404E5 /* Products */ = {
			isa = PBXGroup;
			children = (
				073DBD051BCA2C9C00C404E5 /* PlaceholderTextView.app */,
			);
			name = Products;
			sourceTree = "<group>";
		};
		073DBD071BCA2C9C00C404E5 /* PlaceholderTextView */ = {
			isa = PBXGroup;
			children = (
				073DBD1F1BCA2D5300C404E5 /* PlaceholderTextView */,
				073DBD0E1BCA2C9C00C404E5 /* ViewController.h */,
				073DBD0F1BCA2C9C00C404E5 /* ViewController.m */,
				073DBD111BCA2C9C00C404E5 /* Main.storyboard */,
				073DBD081BCA2C9C00C404E5 /* Supporting Files */,
			);
			path = PlaceholderTextView;
			sourceTree = "<group>";
		};
		073DBD081BCA2C9C00C404E5 /* Supporting Files */ = {
			isa = PBXGroup;
			children = (
				073DBD0B1BCA2C9C00C404E5 /* AppDelegate.h */,
				073DBD0C1BCA2C9C00C404E5 /* AppDelegate.m */,
				073DBD141BCA2C9C00C404E5 /* Assets.xcassets */,
				073DBD161BCA2C9C00C404E5 /* LaunchScreen.storyboard */,
				073DBD191BCA2C9C00C404E5 /* Info.plist */,
				073DBD091BCA2C9C00C404E5 /* main.m */,
			);
			name = "Supporting Files";
			sourceTree = "<group>";
		};
		073DBD1F1BCA2D5300C404E5 /* PlaceholderTextView */ = {
			isa = PBXGroup;
			children = (
				073DBD201BCA2D5300C404E5 /* PlaceholderTextView.h */,
				073DBD211BCA2D5300C404E5 /* PlaceholderTextView.m */,
			);
			path = PlaceholderTextView;
			sourceTree = "<group>";
		};
/* End PBXGroup section */

/* Begin PBXNativeTarget section */
		073DBD041BCA2C9C00C404E5 /* PlaceholderTextView */ = {
			isa = PBXNativeTarget;
			buildConfigurationList = 073DBD1C1BCA2C9C00C404E5 /* Build configuration list for PBXNativeTarget "PlaceholderTextView" */;
			buildPhases = (
				073DBD011BCA2C9C00C404E5 /* Sources */,
				073DBD021BCA2C9C00C404E5 /* Frameworks */,
				073DBD031BCA2C9C00C404E5 /* Resources */,
			);
			buildRules = (
			);
			dependencies = (
			);
			name = PlaceholderTextView;
			productName = PlaceholderTextView;
			productReference = 073DBD051BCA2C9C00C404E5 /* PlaceholderTextView.app */;
			productType = "com.apple.product-type.application";
		};
/* End PBXNativeTarget section */

/* Begin PBXProject section */
		073DBCFD1BCA2C9C00C404E5 /* Project object */ = {
			isa = PBXProject;
			attributes = {
				LastUpgradeCheck = 0700;
				ORGANIZATIONNAME = "dianyi jiang";
				TargetAttributes = {
					073DBD041BCA2C9C00C404E5 = {
						CreatedOnToolsVersion = 7.0.1;
					};
				};
			};
			buildConfigurationList = 073DBD001BCA2C9C00C404E5 /* Build configuration list for PBXProject "PlaceholderTextView" */;
			compatibilityVersion = "Xcode 3.2";
			developmentRegion = English;
			hasScannedForEncodings = 0;
			knownRegions = (
				en,
				Base,
			);
			mainGroup = 073DBCFC1BCA2C9C00C404E5;
			productRefGroup = 073DBD061BCA2C9C00C404E5 /* Products */;
			projectDirPath = "";
			projectRoot = "";
			targets = (
				073DBD041BCA2C9C00C404E5 /* PlaceholderTextView */,
			);
		};
/* End PBXProject section */

/* Begin PBXResourcesBuildPhase section */
		073DBD031BCA2C9C00C404E5 /* Resources */ = {
			isa = PBXResourcesBuildPhase;
			buildActionMask = 2147483647;
			files = (
				073DBD181BCA2C9C00C404E5 /* LaunchScreen.storyboard in Resources */,
				073DBD151BCA2C9C00C404E5 /* Assets.xcassets in Resources */,
				073DBD131BCA2C9C00C404E5 /* Main.storyboard in Resources */,
			);
			runOnlyForDeploymentPostprocessing = 0;
		};
/* End PBXResourcesBuildPhase section */

/* Begin PBXSourcesBuildPhase section */
		073DBD011BCA2C9C00C404E5 /* Sources */ = {
			isa = PBXSourcesBuildPhase;
			buildActionMask = 2147483647;
			files = (
				073DBD101BCA2C9C00C404E5 /* ViewController.m in Sources */,
				073DBD0D1BCA2C9C00C404E5 /* AppDelegate.m in Sources */,
				073DBD0A1BCA2C9C00C404E5 /* main.m in Sources */,
				073DBD221BCA2D5300C404E5 /* PlaceholderTextView.m in Sources */,
			);
			runOnlyForDeploymentPostprocessing = 0;
		};
/* End PBXSourcesBuildPhase section */

/* Begin PBXVariantGroup section */
		073DBD111BCA2C9C00C404E5 /* Main.storyboard */ = {
			isa = PBXVariantGroup;
			children = (
				073DBD121BCA2C9C00C404E5 /* Base */,
			);
			name = Main.storyboard;
			sourceTree = "<group>";
		};
		073DBD161BCA2C9C00C404E5 /* LaunchScreen.storyboard */ = {
			isa = PBXVariantGroup;
			children = (
				073DBD171BCA2C9C00C404E5 /* Base */,
			);
			name = LaunchScreen.storyboard;
			sourceTree = "<group>";
		};
/* End PBXVariantGroup section */

/* Begin XCBuildConfiguration section */
		073DBD1A1BCA2C9C00C404E5 /* Debug */ = {
			isa = XCBuildConfiguration;
			buildSettings = {
				ALWAYS_SEARCH_USER_PATHS = NO;
				CLANG_CXX_LANGUAGE_STANDARD = "gnu++0x";
				CLANG_CXX_LIBRARY = "libc++";
				CLANG_ENABLE_MODULES = YES;
				CLANG_ENABLE_OBJC_ARC = YES;
				CLANG_WARN_BOOL_CONVERSION = YES;
				CLANG_WARN_CONSTANT_CONVERSION = YES;
				CLANG_WARN_DIRECT_OBJC_ISA_USAGE = YES_ERROR;
				CLANG_WARN_EMPTY_BODY = YES;
				CLANG_WARN_ENUM_CONVERSION = YES;
				CLANG_WARN_INT_CONVERSION = YES;
				CLANG_WARN_OBJC_ROOT_CLASS = YES_ERROR;
				CLANG_WARN_UNREACHABLE_CODE = YES;
				CLANG_WARN__DUPLICATE_METHOD_MATCH = YES;
				"CODE_SIGN_IDENTITY[sdk=iphoneos*]" = "iPhone Developer";
				COPY_PHASE_STRIP = NO;
				DEBUG_INFORMATION_FORMAT = dwarf;
				ENABLE_STRICT_OBJC_MSGSEND = YES;
				ENABLE_TESTABILITY = YES;
				GCC_C_LANGUAGE_STANDARD = gnu99;
				GCC_DYNAMIC_NO_PIC = NO;
				GCC_NO_COMMON_BLOCKS = YES;
				GCC_OPTIMIZATION_LEVEL = 0;
				GCC_PREPROCESSOR_DEFINITIONS = (
					"DEBUG=1",
					"$(inherited)",
				);
				GCC_WARN_64_TO_32_BIT_CONVERSION = YES;
				GCC_WARN_ABOUT_RETURN_TYPE = YES_ERROR;
				GCC_WARN_UNDECLARED_SELECTOR = YES;
				GCC_WARN_UNINITIALIZED_AUTOS = YES_AGGRESSIVE;
				GCC_WARN_UNUSED_FUNCTION = YES;
				GCC_WARN_UNUSED_VARIABLE = YES;
				IPHONEOS_DEPLOYMENT_TARGET = 9.0;
				MTL_ENABLE_DEBUG_INFO = YES;
				ONLY_ACTIVE_ARCH = YES;
				SDKROOT = iphoneos;
			};
			name = Debug;
		};
		073DBD1B1BCA2C9C00C404E5 /* Release */ = {
			isa = XCBuildConfiguration;
			buildSettings = {
				ALWAYS_SEARCH_USER_PATHS = NO;
				CLANG_CXX_LANGUAGE_STANDARD = "gnu++0x";
				CLANG_CXX_LIBRARY = "libc++";
				CLANG_ENABLE_MODULES = YES;
				CLANG_ENABLE_OBJC_ARC = YES;
				CLANG_WARN_BOOL_CONVERSION = YES;
				CLANG_WARN_CONSTANT_CONVERSION = YES;
				CLANG_WARN_DIRECT_OBJC_ISA_USAGE = YES_ERROR;
				CLANG_WARN_EMPTY_BODY = YES;
				CLANG_WARN_ENUM_CONVERSION = YES;
				CLANG_WARN_INT_CONVERSION = YES;
				CLANG_WARN_OBJC_ROOT_CLASS = YES_ERROR;
				CLANG_WARN_UNREACHABLE_CODE = YES;
				CLANG_WARN__DUPLICATE_METHOD_MATCH = YES;
				"CODE_SIGN_IDENTITY[sdk=iphoneos*]" = "iPhone Developer";
				COPY_PHASE_STRIP = NO;
				DEBUG_INFORMATION_FORMAT = "dwarf-with-dsym";
				ENABLE_NS_ASSERTIONS = NO;
				ENABLE_STRICT_OBJC_MSGSEND = YES;
				GCC_C_LANGUAGE_STANDARD = gnu99;
				GCC_NO_COMMON_BLOCKS = YES;
				GCC_WARN_64_TO_32_BIT_CONVERSION = YES;
				GCC_WARN_ABOUT_RETURN_TYPE = YES_ERROR;
				GCC_WARN_UNDECLARED_SELECTOR = YES;
				GCC_WARN_UNINITIALIZED_AUTOS = YES_AGGRESSIVE;
				GCC_WARN_UNUSED_FUNCTION = YES;
				GCC_WARN_UNUSED_VARIABLE = YES;
				IPHONEOS_DEPLOYMENT_TARGET = 9.0;
				MTL_ENABLE_DEBUG_INFO = NO;
				SDKROOT = iphoneos;
				VALIDATE_PRODUCT = YES;
			};
			name = Release;
		};
		073DBD1D1BCA2C9C00C404E5 /* Debug */ = {
			isa = XCBuildConfiguration;
			buildSettings = {
				ASSETCATALOG_COMPILER_APPICON_NAME = AppIcon;
				CODE_SIGN_IDENTITY = "iPhone Developer";
				INFOPLIST_FILE = PlaceholderTextView/Info.plist;
				LD_RUNPATH_SEARCH_PATHS = "$(inherited) @executable_path/Frameworks";
				PRODUCT_BUNDLE_IDENTIFIER = lastObject.PlaceholderTextView;
				PRODUCT_NAME = "$(TARGET_NAME)";
			};
			name = Debug;
		};
		073DBD1E1BCA2C9C00C404E5 /* Release */ = {
			isa = XCBuildConfiguration;
			buildSettings = {
				ASSETCATALOG_COMPILER_APPICON_NAME = AppIcon;
				CODE_SIGN_IDENTITY = "iPhone Developer";
				INFOPLIST_FILE = PlaceholderTextView/Info.plist;
				LD_RUNPATH_SEARCH_PATHS = "$(inherited) @executable_path/Frameworks";
				PRODUCT_BUNDLE_IDENTIFIER = lastObject.PlaceholderTextView;
				PRODUCT_NAME = "$(TARGET_NAME)";
			};
			name = Release;
		};
/* End XCBuildConfiguration section */

/* Begin XCConfigurationList section */
		073DBD001BCA2C9C00C404E5 /* Build configuration list for PBXProject "PlaceholderTextView" */ = {
			isa = XCConfigurationList;
			buildConfigurations = (
				073DBD1A1BCA2C9C00C404E5 /* Debug */,
				073DBD1B1BCA2C9C00C404E5 /* Release */,
			);
			defaultConfigurationIsVisible = 0;
			defaultConfigurationName = Release;
		};
		073DBD1C1BCA2C9C00C404E5 /* Build configuration list for PBXNativeTarget "PlaceholderTextView" */ = {
			isa = XCConfigurationList;
			buildConfigurations = (
				073DBD1D1BCA2C9C00C404E5 /* Debug */,
				073DBD1E1BCA2C9C00C404E5 /* Release */,
			);
			defaultConfigurationIsVisible = 0;
			defaultConfigurationName = Release;
		};
/* End XCConfigurationList section */
	};
	rootObject = 073DBCFD1BCA2C9C00C404E5 /* Project object */;
}
